// !$*UTF8*$!
{
	archiveVersion = 1;
	classes = {
	};
	objectVersion = 46;
	objects = {

/* Begin PBXBuildFile section */
		A1EA262A1A7DB661009D8E33 /* AppDelegate.swift in Sources */ = {isa = PBXBuildFile; fileRef = A1EA26291A7DB661009D8E33 /* AppDelegate.swift */; };
		A1EA262C1A7DB661009D8E33 /* ViewController.swift in Sources */ = {isa = PBXBuildFile; fileRef = A1EA262B1A7DB661009D8E33 /* ViewController.swift */; };
		A1EA262F1A7DB661009D8E33 /* Main.storyboard in Resources */ = {isa = PBXBuildFile; fileRef = A1EA262D1A7DB661009D8E33 /* Main.storyboard */; };
		A1EA26311A7DB661009D8E33 /* Images.xcassets in Resources */ = {isa = PBXBuildFile; fileRef = A1EA26301A7DB661009D8E33 /* Images.xcassets */; };
		A1EA26341A7DB661009D8E33 /* LaunchScreen.xib in Resources */ = {isa = PBXBuildFile; fileRef = A1EA26321A7DB661009D8E33 /* LaunchScreen.xib */; };
		A1EA26401A7DB661009D8E33 /* TestAnimationTests.swift in Sources */ = {isa = PBXBuildFile; fileRef = A1EA263F1A7DB661009D8E33 /* TestAnimationTests.swift */; };
/* End PBXBuildFile section */

/* Begin PBXContainerItemProxy section */
		A1EA263A1A7DB661009D8E33 /* PBXContainerItemProxy */ = {
			isa = PBXContainerItemProxy;
			containerPortal = A1EA261C1A7DB661009D8E33 /* Project object */;
			proxyType = 1;
			remoteGlobalIDString = A1EA26231A7DB661009D8E33;
			remoteInfo = TestAnimation;
		};
/* End PBXContainerItemProxy section */

/* Begin PBXFileReference section */
		A1EA26241A7DB661009D8E33 /* TestAnimation.app */ = {isa = PBXFileReference; explicitFileType = wrapper.application; includeInIndex = 0; path = TestAnimation.app; sourceTree = BUILT_PRODUCTS_DIR; };
		A1EA26281A7DB661009D8E33 /* Info.plist */ = {isa = PBXFileReference; lastKnownFileType = text.plist.xml; path = Info.plist; sourceTree = "<group>"; };
		A1EA26291A7DB661009D8E33 /* AppDelegate.swift */ = {isa = PBXFileReference; lastKnownFileType = sourcecode.swift; path = AppDelegate.swift; sourceTree = "<group>"; };
		A1EA262B1A7DB661009D8E33 /* ViewController.swift */ = {isa = PBXFileReference; lastKnownFileType = sourcecode.swift; path = ViewController.swift; sourceTree = "<group>"; };
		A1EA262E1A7DB661009D8E33 /* Base */ = {isa = PBXFileReference; lastKnownFileType = file.storyboard; name = Base; path = Base.lproj/Main.storyboard; sourceTree = "<group>"; };
		A1EA26301A7DB661009D8E33 /* Images.xcassets */ = {isa = PBXFileReference; lastKnownFileType = folder.assetcatalog; path = Images.xcassets; sourceTree = "<group>"; };
		A1EA26331A7DB661009D8E33 /* Base */ = {isa = PBXFileReference; lastKnownFileType = file.xib; name = Base; path = Base.lproj/LaunchScreen.xib; sourceTree = "<group>"; };
		A1EA26391A7DB661009D8E33 /* TestAnimationTests.xctest */ = {isa = PBXFileReference; explicitFileType = wrapper.cfbundle; includeInIndex = 0; path = TestAnimationTests.xctest; sourceTree = BUILT_PRODUCTS_DIR; };
		A1EA263E1A7DB661009D8E33 /* Info.plist */ = {isa = PBXFileReference; lastKnownFileType = text.plist.xml; path = Info.plist; sourceTree = "<group>"; };
		A1EA263F1A7DB661009D8E33 /* TestAnimationTests.swift */ = {isa = PBXFileReference; lastKnownFileType = sourcecode.swift; path = TestAnimationTests.swift; sourceTree = "<group>"; };
/* End PBXFileReference section */

/* Begin PBXFrameworksBuildPhase section */
		A1EA26211A7DB661009D8E33 /* Frameworks */ = {
			isa = PBXFrameworksBuildPhase;
			buildActionMask = 2147483647;
			files = (
			);
			runOnlyForDeploymentPostprocessing = 0;
		};
		A1EA26361A7DB661009D8E33 /* Frameworks */ = {
			isa = PBXFrameworksBuildPhase;
			buildActionMask = 2147483647;
			files = (
			);
			runOnlyForDeploymentPostprocessing = 0;
		};
/* End PBXFrameworksBuildPhase section */

/* Begin PBXGroup section */
		A1EA261B1A7DB661009D8E33 = {
			isa = PBXGroup;
			children = (
				A1EA26261A7DB661009D8E33 /* TestAnimation */,
				A1EA263C1A7DB661009D8E33 /* TestAnimationTests */,
				A1EA26251A7DB661009D8E33 /* Products */,
			);
			sourceTree = "<group>";
		};
		A1EA26251A7DB661009D8E33 /* Products */ = {
			isa = PBXGroup;
			children = (
				A1EA26241A7DB661009D8E33 /* TestAnimation.app */,
				A1EA26391A7DB661009D8E33 /* TestAnimationTests.xctest */,
			);
			name = Products;
			sourceTree = "<group>";
		};
		A1EA26261A7DB661009D8E33 /* TestAnimation */ = {
			isa = PBXGroup;
			children = (
				A1EA26291A7DB661009D8E33 /* AppDelegate.swift */,
				A1EA262B1A7DB661009D8E33 /* ViewController.swift */,
				A1EA262D1A7DB661009D8E33 /* Main.storyboard */,
				A1EA26301A7DB661009D8E33 /* Images.xcassets */,
				A1EA26321A7DB661009D8E33 /* LaunchScreen.xib */,
				A1EA26271A7DB661009D8E33 /* Supporting Files */,
			);
			path = TestAnimation;
			sourceTree = "<group>";
		};
		A1EA26271A7DB661009D8E33 /* Supporting Files */ = {
			isa = PBXGroup;
			children = (
				A1EA26281A7DB661009D8E33 /* Info.plist */,
			);
			name = "Supporting Files";
			sourceTree = "<group>";
		};
		A1EA263C1A7DB661009D8E33 /* TestAnimationTests */ = {
			isa = PBXGroup;
			children = (
				A1EA263F1A7DB661009D8E33 /* TestAnimationTests.swift */,
				A1EA263D1A7DB661009D8E33 /* Supporting Files */,
			);
			path = TestAnimationTests;
			sourceTree = "<group>";
		};
		A1EA263D1A7DB661009D8E33 /* Supporting Files */ = {
			isa = PBXGroup;
			children = (
				A1EA263E1A7DB661009D8E33 /* Info.plist */,
			);
			name = "Supporting Files";
			sourceTree = "<group>";
		};
/* End PBXGroup section */

/* Begin PBXNativeTarget section */
		A1EA26231A7DB661009D8E33 /* TestAnimation */ = {
			isa = PBXNativeTarget;
			buildConfigurationList = A1EA26431A7DB661009D8E33 /* Build configuration list for PBXNativeTarget "TestAnimation" */;
			buildPhases = (
				A1EA26201A7DB661009D8E33 /* Sources */,
				A1EA26211A7DB661009D8E33 /* Frameworks */,
				A1EA26221A7DB661009D8E33 /* Resources */,
			);
			buildRules = (
			);
			dependencies = (
			);
			name = TestAnimation;
			productName = TestAnimation;
			productReference = A1EA26241A7DB661009D8E33 /* TestAnimation.app */;
			productType = "com.apple.product-type.application";
		};
		A1EA26381A7DB661009D8E33 /* TestAnimationTests */ = {
			isa = PBXNativeTarget;
			buildConfigurationList = A1EA26461A7DB661009D8E33 /* Build configuration list for PBXNativeTarget "TestAnimationTests" */;
			buildPhases = (
				A1EA26351A7DB661009D8E33 /* Sources */,
				A1EA26361A7DB661009D8E33 /* Frameworks */,
				A1EA26371A7DB661009D8E33 /* Resources */,
			);
			buildRules = (
			);
			dependencies = (
				A1EA263B1A7DB661009D8E33 /* PBXTargetDependency */,
			);
			name = TestAnimationTests;
			productName = TestAnimationTests;
			productReference = A1EA26391A7DB661009D8E33 /* TestAnimationTests.xctest */;
			productType = "com.apple.product-type.bundle.unit-test";
		};
/* End PBXNativeTarget section */

/* Begin PBXProject section */
		A1EA261C1A7DB661009D8E33 /* Project object */ = {
			isa = PBXProject;
			attributes = {
				LastUpgradeCheck = 0610;
				ORGANIZATIONNAME = sunli;
				TargetAttributes = {
					A1EA26231A7DB661009D8E33 = {
						CreatedOnToolsVersion = 6.1.1;
					};
					A1EA26381A7DB661009D8E33 = {
						CreatedOnToolsVersion = 6.1.1;
						TestTargetID = A1EA26231A7DB661009D8E33;
					};
				};
			};
			buildConfigurationList = A1EA261F1A7DB661009D8E33 /* Build configuration list for PBXProject "TestAnimation" */;
			compatibilityVersion = "Xcode 3.2";
			developmentRegion = English;
			hasScannedForEncodings = 0;
			knownRegions = (
				en,
				Base,
			);
			mainGroup = A1EA261B1A7DB661009D8E33;
			productRefGroup = A1EA26251A7DB661009D8E33 /* Products */;
			projectDirPath = "";
			projectRoot = "";
			targets = (
				A1EA26231A7DB661009D8E33 /* TestAnimation */,
				A1EA26381A7DB661009D8E33 /* TestAnimationTests */,
			);
		};
/* End PBXProject section */

/* Begin PBXResourcesBuildPhase section */
		A1EA26221A7DB661009D8E33 /* Resources */ = {
			isa = PBXResourcesBuildPhase;
			buildActionMask = 2147483647;
			files = (
				A1EA262F1A7DB661009D8E33 /* Main.storyboard in Resources */,
				A1EA26341A7DB661009D8E33 /* LaunchScreen.xib in Resources */,
				A1EA26311A7DB661009D8E33 /* Images.xcassets in Resources */,
			);
			runOnlyForDeploymentPostprocessing = 0;
		};
		A1EA26371A7DB661009D8E33 /* Resources */ = {
			isa = PBXResourcesBuildPhase;
			buildActionMask = 2147483647;
			files = (
			);
			runOnlyForDeploymentPostprocessing = 0;
		};
/* End PBXResourcesBuildPhase section */

/* Begin PBXSourcesBuildPhase section */
		A1EA26201A7DB661009D8E33 /* Sources */ = {
			isa = PBXSourcesBuildPhase;
			buildActionMask = 2147483647;
			files = (
				A1EA262C1A7DB661009D8E33 /* ViewController.swift in Sources */,
				A1EA262A1A7DB661009D8E33 /* AppDelegate.swift in Sources */,
			);
			runOnlyForDeploymentPostprocessing = 0;
		};
		A1EA26351A7DB661009D8E33 /* Sources */ = {
			isa = PBXSourcesBuildPhase;
			buildActionMask = 2147483647;
			files = (
				A1EA26401A7DB661009D8E33 /* TestAnimationTests.swift in Sources */,
			);
			runOnlyForDeploymentPostprocessing = 0;
		};
/* End PBXSourcesBuildPhase section */

/* Begin PBXTargetDependency section */
		A1EA263B1A7DB661009D8E33 /* PBXTargetDependency */ = {
			isa = PBXTargetDependency;
			target = A1EA26231A7DB661009D8E33 /* TestAnimation */;
			targetProxy = A1EA263A1A7DB661009D8E33 /* PBXContainerItemProxy */;
		};
/* End PBXTargetDependency section */

/* Begin PBXVariantGroup section */
		A1EA262D1A7DB661009D8E33 /* Main.storyboard */ = {
			isa = PBXVariantGroup;
			children = (
				A1EA262E1A7DB661009D8E33 /* Base */,
			);
			name = Main.storyboard;
			sourceTree = "<group>";
		};
		A1EA26321A7DB661009D8E33 /* LaunchScreen.xib */ = {
			isa = PBXVariantGroup;
			children = (
				A1EA26331A7DB661009D8E33 /* Base */,
			);
			name = LaunchScreen.xib;
			sourceTree = "<group>";
		};
/* End PBXVariantGroup section */

/* Begin XCBuildConfiguration section */
		A1EA26411A7DB661009D8E33 /* Debug */ = {
			isa = XCBuildConfiguration;
			buildSettings = {
				ALWAYS_SEARCH_USER_PATHS = NO;
				CLANG_CXX_LANGUAGE_STANDARD = "gnu++0x";
				CLANG_CXX_LIBRARY = "libc++";
				CLANG_ENABLE_MODULES = YES;
				CLANG_ENABLE_OBJC_ARC = YES;
				CLANG_WARN_BOOL_CONVERSION = YES;
				CLANG_WARN_CONSTANT_CONVERSION = YES;
				CLANG_WARN_DIRECT_OBJC_ISA_USAGE = YES_ERROR;
				CLANG_WARN_EMPTY_BODY = YES;
				CLANG_WARN_ENUM_CONVERSION = YES;
				CLANG_WARN_INT_CONVERSION = YES;
				CLANG_WARN_OBJC_ROOT_CLASS = YES_ERROR;
				CLANG_WARN_UNREACHABLE_CODE = YES;
				CLANG_WARN__DUPLICATE_METHOD_MATCH = YES;
				"CODE_SIGN_IDENTITY[sdk=iphoneos*]" = "iPhone Developer";
				COPY_PHASE_STRIP = NO;
				ENABLE_STRICT_OBJC_MSGSEND = YES;
				GCC_C_LANGUAGE_STANDARD = gnu99;
				GCC_DYNAMIC_NO_PIC = NO;
				GCC_OPTIMIZATION_LEVEL = 0;
				GCC_PREPROCESSOR_DEFINITIONS = (
					"DEBUG=1",
					"$(inherited)",
				);
				GCC_SYMBOLS_PRIVATE_EXTERN = NO;
				GCC_WARN_64_TO_32_BIT_CONVERSION = YES;
				GCC_WARN_ABOUT_RETURN_TYPE = YES_ERROR;
				GCC_WARN_UNDECLARED_SELECTOR = YES;
				GCC_WARN_UNINITIALIZED_AUTOS = YES_AGGRESSIVE;
				GCC_WARN_UNUSED_FUNCTION = YES;
				GCC_WARN_UNUSED_VARIABLE = YES;
				IPHONEOS_DEPLOYMENT_TARGET = 8.1;
				MTL_ENABLE_DEBUG_INFO = YES;
				ONLY_ACTIVE_ARCH = YES;
				SDKROOT = iphoneos;
				SWIFT_OPTIMIZATION_LEVEL = "-Onone";
				TARGETED_DEVICE_FAMILY = "1,2";
			};
			name = Debug;
		};
		A1EA26421A7DB661009D8E33 /* Release */ = {
			isa = XCBuildConfiguration;
			buildSettings = {
				ALWAYS_SEARCH_USER_PATHS = NO;
				CLANG_CXX_LANGUAGE_STANDARD = "gnu++0x";
				CLANG_CXX_LIBRARY = "libc++";
				CLANG_ENABLE_MODULES = YES;
				CLANG_ENABLE_OBJC_ARC = YES;
				CLANG_WARN_BOOL_CONVERSION = YES;
				CLANG_WARN_CONSTANT_CONVERSION = YES;
				CLANG_WARN_DIRECT_OBJC_ISA_USAGE = YES_ERROR;
				CLANG_WARN_EMPTY_BODY = YES;
				CLANG_WARN_ENUM_CONVERSION = YES;
				CLANG_WARN_INT_CONVERSION = YES;
				CLANG_WARN_OBJC_ROOT_CLASS = YES_ERROR;
				CLANG_WARN_UNREACHABLE_CODE = YES;
				CLANG_WARN__DUPLICATE_METHOD_MATCH = YES;
				"CODE_SIGN_IDENTITY[sdk=iphoneos*]" = "iPhone Developer";
				COPY_PHASE_STRIP = YES;
				ENABLE_NS_ASSERTIONS = NO;
				ENABLE_STRICT_OBJC_MSGSEND = YES;
				GCC_C_LANGUAGE_STANDARD = gnu99;
				GCC_WARN_64_TO_32_BIT_CONVERSION = YES;
				GCC_WARN_ABOUT_RETURN_TYPE = YES_ERROR;
				GCC_WARN_UNDECLARED_SELECTOR = YES;
				GCC_WARN_UNINITIALIZED_AUTOS = YES_AGGRESSIVE;
				GCC_WARN_UNUSED_FUNCTION = YES;
				GCC_WARN_UNUSED_VARIABLE = YES;
				IPHONEOS_DEPLOYMENT_TARGET = 8.1;
				MTL_ENABLE_DEBUG_INFO = NO;
				SDKROOT = iphoneos;
				TARGETED_DEVICE_FAMILY = "1,2";
				VALIDATE_PRODUCT = YES;
			};
			name = Release;
		};
		A1EA26441A7DB661009D8E33 /* Debug */ = {
			isa = XCBuildConfiguration;
			buildSettings = {
				ASSETCATALOG_COMPILER_APPICON_NAME = AppIcon;
				INFOPLIST_FILE = TestAnimation/Info.plist;
				LD_RUNPATH_SEARCH_PATHS = "$(inherited) @executable_path/Frameworks";
				PRODUCT_NAME = "$(TARGET_NAME)";
			};
			name = Debug;
		};
		A1EA26451A7DB661009D8E33 /* Release */ = {
			isa = XCBuildConfiguration;
			buildSettings = {
				ASSETCATALOG_COMPILER_APPICON_NAME = AppIcon;
				INFOPLIST_FILE = TestAnimation/Info.plist;
				LD_RUNPATH_SEARCH_PATHS = "$(inherited) @executable_path/Frameworks";
				PRODUCT_NAME = "$(TARGET_NAME)";
			};
			name = Release;
		};
		A1EA26471A7DB661009D8E33 /* Debug */ = {
			isa = XCBuildConfiguration;
			buildSettings = {
				BUNDLE_LOADER = "$(TEST_HOST)";
				FRAMEWORK_SEARCH_PATHS = (
					"$(SDKROOT)/Developer/Library/Frameworks",
					"$(inherited)",
				);
				GCC_PREPROCESSOR_DEFINITIONS = (
					"DEBUG=1",
					"$(inherited)",
				);
				INFOPLIST_FILE = TestAnimationTests/Info.plist;
				LD_RUNPATH_SEARCH_PATHS = "$(inherited) @executable_path/Frameworks @loader_path/Frameworks";
				PRODUCT_NAME = "$(TARGET_NAME)";
				TEST_HOST = "$(BUILT_PRODUCTS_DIR)/TestAnimation.app/TestAnimation";
			};
			name = Debug;
		};
		A1EA26481A7DB661009D8E33 /* Release */ = {
			isa = XCBuildConfiguration;
			buildSettings = {
				BUNDLE_LOADER = "$(TEST_HOST)";
				FRAMEWORK_SEARCH_PATHS = (
					"$(SDKROOT)/Developer/Library/Frameworks",
					"$(inherited)",
				);
				INFOPLIST_FILE = TestAnimationTests/Info.plist;
				LD_RUNPATH_SEARCH_PATHS = "$(inherited) @executable_path/Frameworks @loader_path/Frameworks";
				PRODUCT_NAME = "$(TARGET_NAME)";
				TEST_HOST = "$(BUILT_PRODUCTS_DIR)/TestAnimation.app/TestAnimation";
			};
			name = Release;
		};
/* End XCBuildConfiguration section */

/* Begin XCConfigurationList section */
		A1EA261F1A7DB661009D8E33 /* Build configuration list for PBXProject "TestAnimation" */ = {
			isa = XCConfigurationList;
			buildConfigurations = (
				A1EA26411A7DB661009D8E33 /* Debug */,
				A1EA26421A7DB661009D8E33 /* Release */,
			);
			defaultConfigurationIsVisible = 0;
			defaultConfigurationName = Release;
		};
		A1EA26431A7DB661009D8E33 /* Build configuration list for PBXNativeTarget "TestAnimation" */ = {
			isa = XCConfigurationList;
			buildConfigurations = (
				A1EA26441A7DB661009D8E33 /* Debug */,
				A1EA26451A7DB661009D8E33 /* Release */,
			);
			defaultConfigurationIsVisible = 0;
		};
		A1EA26461A7DB661009D8E33 /* Build configuration list for PBXNativeTarget "TestAnimationTests" */ = {
			isa = XCConfigurationList;
			buildConfigurations = (
				A1EA26471A7DB661009D8E33 /* Debug */,
				A1EA26481A7DB661009D8E33 /* Release */,
			);
			defaultConfigurationIsVisible = 0;
		};
/* End XCConfigurationList section */
	};
	rootObject = A1EA261C1A7DB661009D8E33 /* Project object */;
}
